
Microsoft Visual Studio Solution File, Format Version 12.00
# Visual Studio Version 17
VisualStudioVersion = 17.2.32616.157
MinimumVisualStudioVersion = 10.0.40219.1
Project("{FAE04EC0-301F-11D3-BF4B-00C04F79EFBC}") = "BO(Business Logic Layer)", "BO(Business Logic Layer)\BO(Business Logic Layer).csproj", "{424C237D-732A-411B-84CC-338CA9A23225}"
EndProject
Global
	GlobalSection(SolutionConfigurationPlatforms) = preSolution
		Debug|Any CPU = Debug|Any CPU
		Release|Any CPU = Release|Any CPU
	EndGlobalSection
	GlobalSection(ProjectConfigurationPlatforms) = postSolution
		{424C237D-732A-411B-84CC-338CA9A23225}.Debug|Any CPU.ActiveCfg = Debug|Any CPU
		{424C237D-732A-411B-84CC-338CA9A23225}.Debug|Any CPU.Build.0 = Debug|Any CPU
		{424C237D-732A-411B-84CC-338CA9A23225}.Release|Any CPU.ActiveCfg = Release|Any CPU
		{424C237D-732A-411B-84CC-338CA9A23225}.Release|Any CPU.Build.0 = Release|Any CPU
	EndGlobalSection
	GlobalSection(SolutionProperties) = preSolution
		HideSolutionNode = FALSE
	EndGlobalSection
	GlobalSection(ExtensibilityGlobals) = postSolution
		SolutionGuid = {EC33D739-4BF9-4666-A0F8-91EA0CF36C32}
	EndGlobalSection
EndGlobal
